
Microsoft Visual Studio Solution File, Format Version 12.00
# Visual Studio Version 17
VisualStudioVersion = 17.14.36301.6
MinimumVisualStudioVersion = 10.0.40219.1
Project("{FAE04EC0-301F-11D3-BF4B-00C04F79EFBC}") = "CommonApi", "CommonApi\CommonApi.csproj", "{8502D114-2EE4-1357-4646-FA893E66FFDC}"
EndProject
Project("{FAE04EC0-301F-11D3-BF4B-00C04F79EFBC}") = "CommonApi.application", "CommonApi.application\CommonApi.application.csproj", "{08DE0ACB-F0FE-4599-A44F-502F576F2EA3}"
EndProject
Project("{FAE04EC0-301F-11D3-BF4B-00C04F79EFBC}") = "CommonApi.domain", "CommonApi.domain\CommonApi.domain.csproj", "{7EEA431E-7ED3-4FFB-8648-43CA7B854860}"
EndProject
Project("{FAE04EC0-301F-11D3-BF4B-00C04F79EFBC}") = "CommonApi.infrastructure", "CommonApi.infrastructure\CommonApi.infrastructure.csproj", "{C4070CBB-09DC-46BF-B952-BF0A01D940E8}"
EndProject
Global
	GlobalSection(SolutionConfigurationPlatforms) = preSolution
		Debug|Any CPU = Debug|Any CPU
		Release|Any CPU = Release|Any CPU
	EndGlobalSection
	GlobalSection(ProjectConfigurationPlatforms) = postSolution
		{8502D114-2EE4-1357-4646-FA893E66FFDC}.Debug|Any CPU.ActiveCfg = Debug|Any CPU
		{8502D114-2EE4-1357-4646-FA893E66FFDC}.Debug|Any CPU.Build.0 = Debug|Any CPU
		{8502D114-2EE4-1357-4646-FA893E66FFDC}.Release|Any CPU.ActiveCfg = Release|Any CPU
		{8502D114-2EE4-1357-4646-FA893E66FFDC}.Release|Any CPU.Build.0 = Release|Any CPU
		{08DE0ACB-F0FE-4599-A44F-502F576F2EA3}.Debug|Any CPU.ActiveCfg = Debug|Any CPU
		{08DE0ACB-F0FE-4599-A44F-502F576F2EA3}.Debug|Any CPU.Build.0 = Debug|Any CPU
		{08DE0ACB-F0FE-4599-A44F-502F576F2EA3}.Release|Any CPU.ActiveCfg = Release|Any CPU
		{08DE0ACB-F0FE-4599-A44F-502F576F2EA3}.Release|Any CPU.Build.0 = Release|Any CPU
		{7EEA431E-7ED3-4FFB-8648-43CA7B854860}.Debug|Any CPU.ActiveCfg = Debug|Any CPU
		{7EEA431E-7ED3-4FFB-8648-43CA7B854860}.Debug|Any CPU.Build.0 = Debug|Any CPU
		{7EEA431E-7ED3-4FFB-8648-43CA7B854860}.Release|Any CPU.ActiveCfg = Release|Any CPU
		{7EEA431E-7ED3-4FFB-8648-43CA7B854860}.Release|Any CPU.Build.0 = Release|Any CPU
		{C4070CBB-09DC-46BF-B952-BF0A01D940E8}.Debug|Any CPU.ActiveCfg = Debug|Any CPU
		{C4070CBB-09DC-46BF-B952-BF0A01D940E8}.Debug|Any CPU.Build.0 = Debug|Any CPU
		{C4070CBB-09DC-46BF-B952-BF0A01D940E8}.Release|Any CPU.ActiveCfg = Release|Any CPU
		{C4070CBB-09DC-46BF-B952-BF0A01D940E8}.Release|Any CPU.Build.0 = Release|Any CPU
	EndGlobalSection
	GlobalSection(SolutionProperties) = preSolution
		HideSolutionNode = FALSE
	EndGlobalSection
	GlobalSection(ExtensibilityGlobals) = postSolution
		SolutionGuid = {5ECE0C62-BEE6-4E75-9CAF-9F33126B0223}
	EndGlobalSection
EndGlobal
